DEPENDENCIES
  apt
  ark (= 5.0.0)
  enterprise (~> 0.15.1)
  homebrew (= 5.0.8)
  mingw (= 2.1.0)
  ohai (= 5.3.0)
  runit (= 5.1.1)
  ulimit (~> 1.1.0)
  yum (= 5.1.0)
  yum-epel (= 3.3.0)

GRAPH
  apt (7.3.0)
  ark (5.0.0)
    seven_zip (>= 0.0.0)
  enterprise (0.15.1)
    runit (= 5.1.1)
  homebrew (5.0.8)
  mingw (2.1.0)
    seven_zip (>= 0.0.0)
  ohai (5.3.0)
  packagecloud (1.0.1)
  runit (5.1.1)
    packagecloud (>= 0.0.0)
    yum-epel (>= 0.0.0)
  seven_zip (3.1.2)
    windows (>= 0.0.0)
  ulimit (1.1.0)
  windows (7.0.0)
  yum (5.1.0)
  yum-epel (3.3.0)
