DEPENDENCIES
  apt (= 7.3.0)
  ark (= 5.0.0)
  homebrew (= 5.0.8)
  mingw (= 2.1.0)
  seven_zip (~> 3.1.2)
  ulimit (~> 1.1.1)
  yum (= 5.1.0)
  yum-epel (= 3.3.0)

GRAPH
  apt (7.3.0)
  ark (5.0.0)
    seven_zip (>= 0.0.0)
  homebrew (5.0.8)
  mingw (2.1.0)
    seven_zip (>= 0.0.0)
  seven_zip (3.1.2)
    windows (>= 0.0.0)
  ulimit (1.1.1)
  windows (7.0.2)
  yum (5.1.0)
  yum-epel (3.3.0)
